
Microsoft Visual Studio Solution File, Format Version 12.00
# Visual Studio 14
VisualStudioVersion = 14.0.25420.1
MinimumVisualStudioVersion = 10.0.40219.1
Project("{FAE04EC0-301F-11D3-BF4B-00C04F79EFBC}") = "MusicPlayerApp", "MusicPlayerApp.csproj", "{2C68A76D-60A4-408A-A025-57EBFE6CAA6B}"
EndProject
Project("{54435603-DBB4-11D2-8724-00A0C9A8B90C}") = "MusicPlayerAppSetup", "..\MusicPlayerAppSetup\MusicPlayerAppSetup.vdproj", "{E58D18C8-0E30-4541-BCCA-86A124E08414}"
EndProject
Global
	GlobalSection(SolutionConfigurationPlatforms) = preSolution
		Debug|Any CPU = Debug|Any CPU
		Release|Any CPU = Release|Any CPU
	EndGlobalSection
	GlobalSection(ProjectConfigurationPlatforms) = postSolution
		{2C68A76D-60A4-408A-A025-57EBFE6CAA6B}.Debug|Any CPU.ActiveCfg = Debug|Any CPU
		{2C68A76D-60A4-408A-A025-57EBFE6CAA6B}.Debug|Any CPU.Build.0 = Debug|Any CPU
		{2C68A76D-60A4-408A-A025-57EBFE6CAA6B}.Release|Any CPU.ActiveCfg = Release|Any CPU
		{2C68A76D-60A4-408A-A025-57EBFE6CAA6B}.Release|Any CPU.Build.0 = Release|Any CPU
		{E58D18C8-0E30-4541-BCCA-86A124E08414}.Debug|Any CPU.ActiveCfg = Debug
		{E58D18C8-0E30-4541-BCCA-86A124E08414}.Release|Any CPU.ActiveCfg = Release
	EndGlobalSection
	GlobalSection(SolutionProperties) = preSolution
		HideSolutionNode = FALSE
	EndGlobalSection
	GlobalSection(ExtensibilityGlobals) = postSolution
		SolutionGuid = {75E6FFF3-65D3-4B9D-A080-110E95E0D178}
	EndGlobalSection
EndGlobal
